
Microsoft Visual Studio Solution File, Format Version 12.00
# Visual Studio Version 17
VisualStudioVersion = 17.14.37328.6 d17.14
MinimumVisualStudioVersion = 10.0.40219.1
Project("{FAE04EC0-301F-11D3-BF4B-00C04F79EFBC}") = "GridTrace", "GridTrace.csproj", "{656AEEA3-D4FB-4C04-A34B-0C60BE2195D5}"
EndProject
Global
	GlobalSection(SolutionConfigurationPlatforms) = preSolution
		Debug|Any CPU = Debug|Any CPU
		Release|Any CPU = Release|Any CPU
	EndGlobalSection
	GlobalSection(ProjectConfigurationPlatforms) = postSolution
		{656AEEA3-D4FB-4C04-A34B-0C60BE2195D5}.Debug|Any CPU.ActiveCfg = Debug|Any CPU
		{656AEEA3-D4FB-4C04-A34B-0C60BE2195D5}.Debug|Any CPU.Build.0 = Debug|Any CPU
		{656AEEA3-D4FB-4C04-A34B-0C60BE2195D5}.Release|Any CPU.ActiveCfg = Release|Any CPU
		{656AEEA3-D4FB-4C04-A34B-0C60BE2195D5}.Release|Any CPU.Build.0 = Release|Any CPU
	EndGlobalSection
	GlobalSection(SolutionProperties) = preSolution
		HideSolutionNode = FALSE
	EndGlobalSection
	GlobalSection(ExtensibilityGlobals) = postSolution
		SolutionGuid = {8997E517-277F-4E50-BDDC-185243F68C6C}
	EndGlobalSection
EndGlobal
