<Solution>
  <Folder Name="/src/">
    <Project Path="src/CustomerPortal.Api/CustomerPortal.Api.csproj" />
    <Project Path="src/CustomerPortal.Application/CustomerPortal.Application.csproj" />
    <Project Path="src/CustomerPortal.Domain/CustomerPortal.Domain.csproj" />
    <Project Path="src/CustomerPortal.Infrastructure/CustomerPortal.Infrastructure.csproj" />
  </Folder>
  <Folder Name="/tests/">
    <Project Path="tests/CustomerPortal.ApiTests/CustomerPortal.ApiTests.csproj" />
  </Folder>
</Solution>
